
Microsoft Visual Studio Solution File, Format Version 12.00
# Visual Studio Version 16
VisualStudioVersion = 16.0.31605.320
MinimumVisualStudioVersion = 10.0.40219.1
Project("{FAE04EC0-301F-11D3-BF4B-00C04F79EFBC}") = "grade2ex", "grade2ex\grade2ex.csproj", "{56B423C5-1F31-4862-BD93-6F963746936B}"
EndProject
Global
	GlobalSection(SolutionConfigurationPlatforms) = preSolution
		Debug|Any CPU = Debug|Any CPU
		Release|Any CPU = Release|Any CPU
	EndGlobalSection
	GlobalSection(ProjectConfigurationPlatforms) = postSolution
		{56B423C5-1F31-4862-BD93-6F963746936B}.Debug|Any CPU.ActiveCfg = Debug|Any CPU
		{56B423C5-1F31-4862-BD93-6F963746936B}.Debug|Any CPU.Build.0 = Debug|Any CPU
		{56B423C5-1F31-4862-BD93-6F963746936B}.Release|Any CPU.ActiveCfg = Release|Any CPU
		{56B423C5-1F31-4862-BD93-6F963746936B}.Release|Any CPU.Build.0 = Release|Any CPU
	EndGlobalSection
	GlobalSection(SolutionProperties) = preSolution
		HideSolutionNode = FALSE
	EndGlobalSection
	GlobalSection(ExtensibilityGlobals) = postSolution
		SolutionGuid = {166FE0EA-174C-4027-9F37-B61171B9BBB2}
	EndGlobalSection
EndGlobal
